
Microsoft Visual Studio Solution File, Format Version 12.00
# Visual Studio Version 17
VisualStudioVersion = 17.7.34202.233
MinimumVisualStudioVersion = 10.0.40219.1
Project("{9A19103F-16F7-4668-BE54-9A1E7A4F7556}") = "APP", "src\APP\APP.csproj", "{E2834E2A-A00C-451E-BF8C-60B967C26FE9}"
EndProject
Project("{9A19103F-16F7-4668-BE54-9A1E7A4F7556}") = "App.Shared", "src\APP.Shared\App.Shared.csproj", "{2444E3FA-1A81-4B41-B3BF-CC0F2FFEE9E8}"
EndProject
Project("{FAE04EC0-301F-11D3-BF4B-00C04F79EFBC}") = "APP.Infrastructure", "src\APP.Infrastructure\APP.Infrastructure.csproj", "{421F6C4D-C278-4BAE-AF89-EABADBE698D9}"
EndProject
Global
	GlobalSection(SolutionConfigurationPlatforms) = preSolution
		Debug|Any CPU = Debug|Any CPU
		Release|Any CPU = Release|Any CPU
	EndGlobalSection
	GlobalSection(ProjectConfigurationPlatforms) = postSolution
		{E2834E2A-A00C-451E-BF8C-60B967C26FE9}.Debug|Any CPU.ActiveCfg = Debug|Any CPU
		{E2834E2A-A00C-451E-BF8C-60B967C26FE9}.Debug|Any CPU.Build.0 = Debug|Any CPU
		{E2834E2A-A00C-451E-BF8C-60B967C26FE9}.Release|Any CPU.ActiveCfg = Release|Any CPU
		{E2834E2A-A00C-451E-BF8C-60B967C26FE9}.Release|Any CPU.Build.0 = Release|Any CPU
		{2444E3FA-1A81-4B41-B3BF-CC0F2FFEE9E8}.Debug|Any CPU.ActiveCfg = Debug|Any CPU
		{2444E3FA-1A81-4B41-B3BF-CC0F2FFEE9E8}.Debug|Any CPU.Build.0 = Debug|Any CPU
		{2444E3FA-1A81-4B41-B3BF-CC0F2FFEE9E8}.Release|Any CPU.ActiveCfg = Release|Any CPU
		{2444E3FA-1A81-4B41-B3BF-CC0F2FFEE9E8}.Release|Any CPU.Build.0 = Release|Any CPU
		{421F6C4D-C278-4BAE-AF89-EABADBE698D9}.Debug|Any CPU.ActiveCfg = Debug|Any CPU
		{421F6C4D-C278-4BAE-AF89-EABADBE698D9}.Debug|Any CPU.Build.0 = Debug|Any CPU
		{421F6C4D-C278-4BAE-AF89-EABADBE698D9}.Release|Any CPU.ActiveCfg = Release|Any CPU
		{421F6C4D-C278-4BAE-AF89-EABADBE698D9}.Release|Any CPU.Build.0 = Release|Any CPU
	EndGlobalSection
	GlobalSection(SolutionProperties) = preSolution
		HideSolutionNode = FALSE
	EndGlobalSection
	GlobalSection(ExtensibilityGlobals) = postSolution
		SolutionGuid = {88DC7453-DFAB-4925-B4F8-95858F51E6D2}
	EndGlobalSection
EndGlobal
